
Microsoft Visual Studio Solution File, Format Version 12.00
# Visual Studio 15
VisualStudioVersion = 15.0.27428.2015
MinimumVisualStudioVersion = 10.0.40219.1
Project("{FAE04EC0-301F-11D3-BF4B-00C04F79EFBC}") = "b2-aplication-mobile.Android", "b2-aplication-mobile\b2-aplication-mobile.Android\b2-aplication-mobile.Android.csproj", "{1ADC5DA6-8697-44FF-95B6-0C6166028931}"
EndProject
Project("{FAE04EC0-301F-11D3-BF4B-00C04F79EFBC}") = "b2-aplication-mobile.iOS", "b2-aplication-mobile\b2-aplication-mobile.iOS\b2-aplication-mobile.iOS.csproj", "{67E01E5D-6395-41D2-836D-45002EB5661D}"
EndProject
Project("{FAE04EC0-301F-11D3-BF4B-00C04F79EFBC}") = "b2-aplication-mobile.UWP", "b2-aplication-mobile\b2-aplication-mobile.UWP\b2-aplication-mobile.UWP.csproj", "{CCE15251-6104-490E-B153-B8D2AB05CE1A}"
EndProject
Project("{FAE04EC0-301F-11D3-BF4B-00C04F79EFBC}") = "b2-aplication-mobile", "b2-aplication-mobile\b2-aplication-mobile\b2-aplication-mobile.csproj", "{BDC1B259-CB41-4C5E-804C-D162AF3A062D}"
EndProject
Global
	GlobalSection(SolutionConfigurationPlatforms) = preSolution
		Ad-Hoc|Any CPU = Ad-Hoc|Any CPU
		Ad-Hoc|ARM = Ad-Hoc|ARM
		Ad-Hoc|iPhone = Ad-Hoc|iPhone
		Ad-Hoc|iPhoneSimulator = Ad-Hoc|iPhoneSimulator
		Ad-Hoc|x64 = Ad-Hoc|x64
		Ad-Hoc|x86 = Ad-Hoc|x86
		AppStore|Any CPU = AppStore|Any CPU
		AppStore|ARM = AppStore|ARM
		AppStore|iPhone = AppStore|iPhone
		AppStore|iPhoneSimulator = AppStore|iPhoneSimulator
		AppStore|x64 = AppStore|x64
		AppStore|x86 = AppStore|x86
		Debug|Any CPU = Debug|Any CPU
		Debug|ARM = Debug|ARM
		Debug|iPhone = Debug|iPhone
		Debug|iPhoneSimulator = Debug|iPhoneSimulator
		Debug|x64 = Debug|x64
		Debug|x86 = Debug|x86
		Release|Any CPU = Release|Any CPU
		Release|ARM = Release|ARM
		Release|iPhone = Release|iPhone
		Release|iPhoneSimulator = Release|iPhoneSimulator
		Release|x64 = Release|x64
		Release|x86 = Release|x86
	EndGlobalSection
	GlobalSection(ProjectConfigurationPlatforms) = postSolution
		{1ADC5DA6-8697-44FF-95B6-0C6166028931}.Ad-Hoc|Any CPU.ActiveCfg = Release|Any CPU
		{1ADC5DA6-8697-44FF-95B6-0C6166028931}.Ad-Hoc|Any CPU.Build.0 = Release|Any CPU
		{1ADC5DA6-8697-44FF-95B6-0C6166028931}.Ad-Hoc|Any CPU.Deploy.0 = Release|Any CPU
		{1ADC5DA6-8697-44FF-95B6-0C6166028931}.Ad-Hoc|ARM.ActiveCfg = Release|Any CPU
		{1ADC5DA6-8697-44FF-95B6-0C6166028931}.Ad-Hoc|ARM.Build.0 = Release|Any CPU
		{1ADC5DA6-8697-44FF-95B6-0C6166028931}.Ad-Hoc|ARM.Deploy.0 = Release|Any CPU
		{1ADC5DA6-8697-44FF-95B6-0C6166028931}.Ad-Hoc|iPhone.ActiveCfg = Release|Any CPU
		{1ADC5DA6-8697-44FF-95B6-0C6166028931}.Ad-Hoc|iPhone.Build.0 = Release|Any CPU
		{1ADC5DA6-8697-44FF-95B6-0C6166028931}.Ad-Hoc|iPhone.Deploy.0 = Release|Any CPU
		{1ADC5DA6-8697-44FF-95B6-0C6166028931}.Ad-Hoc|iPhoneSimulator.ActiveCfg = Release|Any CPU
		{1ADC5DA6-8697-44FF-95B6-0C6166028931}.Ad-Hoc|iPhoneSimulator.Build.0 = Release|Any CPU
		{1ADC5DA6-8697-44FF-95B6-0C6166028931}.Ad-Hoc|iPhoneSimulator.Deploy.0 = Release|Any CPU
		{1ADC5DA6-8697-44FF-95B6-0C6166028931}.Ad-Hoc|x64.ActiveCfg = Release|Any CPU
		{1ADC5DA6-8697-44FF-95B6-0C6166028931}.Ad-Hoc|x64.Build.0 = Release|Any CPU
		{1ADC5DA6-8697-44FF-95B6-0C6166028931}.Ad-Hoc|x64.Deploy.0 = Release|Any CPU
		{1ADC5DA6-8697-44FF-95B6-0C6166028931}.Ad-Hoc|x86.ActiveCfg = Release|Any CPU
		{1ADC5DA6-8697-44FF-95B6-0C6166028931}.Ad-Hoc|x86.Build.0 = Release|Any CPU
		{1ADC5DA6-8697-44FF-95B6-0C6166028931}.Ad-Hoc|x86.Deploy.0 = Release|Any CPU
		{1ADC5DA6-8697-44FF-95B6-0C6166028931}.AppStore|Any CPU.ActiveCfg = Release|Any CPU
		{1ADC5DA6-8697-44FF-95B6-0C6166028931}.AppStore|Any CPU.Build.0 = Release|Any CPU
		{1ADC5DA6-8697-44FF-95B6-0C6166028931}.AppStore|Any CPU.Deploy.0 = Release|Any CPU
		{1ADC5DA6-8697-44FF-95B6-0C6166028931}.AppStore|ARM.ActiveCfg = Release|Any CPU
		{1ADC5DA6-8697-44FF-95B6-0C6166028931}.AppStore|ARM.Build.0 = Release|Any CPU
		{1ADC5DA6-8697-44FF-95B6-0C6166028931}.AppStore|ARM.Deploy.0 = Release|Any CPU
		{1ADC5DA6-8697-44FF-95B6-0C6166028931}.AppStore|iPhone.ActiveCfg = Release|Any CPU
		{1ADC5DA6-8697-44FF-95B6-0C6166028931}.AppStore|iPhone.Build.0 = Release|Any CPU
		{1ADC5DA6-8697-44FF-95B6-0C6166028931}.AppStore|iPhone.Deploy.0 = Release|Any CPU
		{1ADC5DA6-8697-44FF-95B6-0C6166028931}.AppStore|iPhoneSimulator.ActiveCfg = Release|Any CPU
		{1ADC5DA6-8697-44FF-95B6-0C6166028931}.AppStore|iPhoneSimulator.Build.0 = Release|Any CPU
		{1ADC5DA6-8697-44FF-95B6-0C6166028931}.AppStore|iPhoneSimulator.Deploy.0 = Release|Any CPU
		{1ADC5DA6-8697-44FF-95B6-0C6166028931}.AppStore|x64.ActiveCfg = Release|Any CPU
		{1ADC5DA6-8697-44FF-95B6-0C6166028931}.AppStore|x64.Build.0 = Release|Any CPU
		{1ADC5DA6-8697-44FF-95B6-0C6166028931}.AppStore|x64.Deploy.0 = Release|Any CPU
		{1ADC5DA6-8697-44FF-95B6-0C6166028931}.AppStore|x86.ActiveCfg = Release|Any CPU
		{1ADC5DA6-8697-44FF-95B6-0C6166028931}.AppStore|x86.Build.0 = Release|Any CPU
		{1ADC5DA6-8697-44FF-95B6-0C6166028931}.AppStore|x86.Deploy.0 = Release|Any CPU
		{1ADC5DA6-8697-44FF-95B6-0C6166028931}.Debug|Any CPU.ActiveCfg = Debug|Any CPU
		{1ADC5DA6-8697-44FF-95B6-0C6166028931}.Debug|Any CPU.Build.0 = Debug|Any CPU
		{1ADC5DA6-8697-44FF-95B6-0C6166028931}.Debug|Any CPU.Deploy.0 = Debug|Any CPU
		{1ADC5DA6-8697-44FF-95B6-0C6166028931}.Debug|ARM.ActiveCfg = Debug|Any CPU
		{1ADC5DA6-8697-44FF-95B6-0C6166028931}.Debug|ARM.Build.0 = Debug|Any CPU
		{1ADC5DA6-8697-44FF-95B6-0C6166028931}.Debug|ARM.Deploy.0 = Debug|Any CPU
		{1ADC5DA6-8697-44FF-95B6-0C6166028931}.Debug|iPhone.ActiveCfg = Debug|Any CPU
		{1ADC5DA6-8697-44FF-95B6-0C6166028931}.Debug|iPhone.Build.0 = Debug|Any CPU
		{1ADC5DA6-8697-44FF-95B6-0C6166028931}.Debug|iPhone.Deploy.0 = Debug|Any CPU
		{1ADC5DA6-8697-44FF-95B6-0C6166028931}.Debug|iPhoneSimulator.ActiveCfg = Debug|Any CPU
		{1ADC5DA6-8697-44FF-95B6-0C6166028931}.Debug|iPhoneSimulator.Build.0 = Debug|Any CPU
		{1ADC5DA6-8697-44FF-95B6-0C6166028931}.Debug|iPhoneSimulator.Deploy.0 = Debug|Any CPU
		{1ADC5DA6-8697-44FF-95B6-0C6166028931}.Debug|x64.ActiveCfg = Debug|Any CPU
		{1ADC5DA6-8697-44FF-95B6-0C6166028931}.Debug|x64.Build.0 = Debug|Any CPU
		{1ADC5DA6-8697-44FF-95B6-0C6166028931}.Debug|x64.Deploy.0 = Debug|Any CPU
		{1ADC5DA6-8697-44FF-95B6-0C6166028931}.Debug|x86.ActiveCfg = Debug|Any CPU
		{1ADC5DA6-8697-44FF-95B6-0C6166028931}.Debug|x86.Build.0 = Debug|Any CPU
		{1ADC5DA6-8697-44FF-95B6-0C6166028931}.Debug|x86.Deploy.0 = Debug|Any CPU
		{1ADC5DA6-8697-44FF-95B6-0C6166028931}.Release|Any CPU.ActiveCfg = Release|Any CPU
		{1ADC5DA6-8697-44FF-95B6-0C6166028931}.Release|Any CPU.Build.0 = Release|Any CPU
		{1ADC5DA6-8697-44FF-95B6-0C6166028931}.Release|Any CPU.Deploy.0 = Release|Any CPU
		{1ADC5DA6-8697-44FF-95B6-0C6166028931}.Release|ARM.ActiveCfg = Release|Any CPU
		{1ADC5DA6-8697-44FF-95B6-0C6166028931}.Release|ARM.Build.0 = Release|Any CPU
		{1ADC5DA6-8697-44FF-95B6-0C6166028931}.Release|ARM.Deploy.0 = Release|Any CPU
		{1ADC5DA6-8697-44FF-95B6-0C6166028931}.Release|iPhone.ActiveCfg = Release|Any CPU
		{1ADC5DA6-8697-44FF-95B6-0C6166028931}.Release|iPhone.Build.0 = Release|Any CPU
		{1ADC5DA6-8697-44FF-95B6-0C6166028931}.Release|iPhone.Deploy.0 = Release|Any CPU
		{1ADC5DA6-8697-44FF-95B6-0C6166028931}.Release|iPhoneSimulator.ActiveCfg = Release|Any CPU
		{1ADC5DA6-8697-44FF-95B6-0C6166028931}.Release|iPhoneSimulator.Build.0 = Release|Any CPU
		{1ADC5DA6-8697-44FF-95B6-0C6166028931}.Release|iPhoneSimulator.Deploy.0 = Release|Any CPU
		{1ADC5DA6-8697-44FF-95B6-0C6166028931}.Release|x64.ActiveCfg = Release|Any CPU
		{1ADC5DA6-8697-44FF-95B6-0C6166028931}.Release|x64.Build.0 = Release|Any CPU
		{1ADC5DA6-8697-44FF-95B6-0C6166028931}.Release|x64.Deploy.0 = Release|Any CPU
		{1ADC5DA6-8697-44FF-95B6-0C6166028931}.Release|x86.ActiveCfg = Release|Any CPU
		{1ADC5DA6-8697-44FF-95B6-0C6166028931}.Release|x86.Build.0 = Release|Any CPU
		{1ADC5DA6-8697-44FF-95B6-0C6166028931}.Release|x86.Deploy.0 = Release|Any CPU
		{67E01E5D-6395-41D2-836D-45002EB5661D}.Ad-Hoc|Any CPU.ActiveCfg = Ad-Hoc|iPhone
		{67E01E5D-6395-41D2-836D-45002EB5661D}.Ad-Hoc|ARM.ActiveCfg = Ad-Hoc|iPhone
		{67E01E5D-6395-41D2-836D-45002EB5661D}.Ad-Hoc|iPhone.ActiveCfg = Ad-Hoc|iPhone
		{67E01E5D-6395-41D2-836D-45002EB5661D}.Ad-Hoc|iPhone.Build.0 = Ad-Hoc|iPhone
		{67E01E5D-6395-41D2-836D-45002EB5661D}.Ad-Hoc|iPhoneSimulator.ActiveCfg = Ad-Hoc|iPhoneSimulator
		{67E01E5D-6395-41D2-836D-45002EB5661D}.Ad-Hoc|iPhoneSimulator.Build.0 = Ad-Hoc|iPhoneSimulator
		{67E01E5D-6395-41D2-836D-45002EB5661D}.Ad-Hoc|x64.ActiveCfg = Ad-Hoc|iPhone
		{67E01E5D-6395-41D2-836D-45002EB5661D}.Ad-Hoc|x86.ActiveCfg = Ad-Hoc|iPhone
		{67E01E5D-6395-41D2-836D-45002EB5661D}.AppStore|Any CPU.ActiveCfg = AppStore|iPhone
		{67E01E5D-6395-41D2-836D-45002EB5661D}.AppStore|ARM.ActiveCfg = AppStore|iPhone
		{67E01E5D-6395-41D2-836D-45002EB5661D}.AppStore|iPhone.ActiveCfg = AppStore|iPhone
		{67E01E5D-6395-41D2-836D-45002EB5661D}.AppStore|iPhone.Build.0 = AppStore|iPhone
		{67E01E5D-6395-41D2-836D-45002EB5661D}.AppStore|iPhoneSimulator.ActiveCfg = AppStore|iPhoneSimulator
		{67E01E5D-6395-41D2-836D-45002EB5661D}.AppStore|iPhoneSimulator.Build.0 = AppStore|iPhoneSimulator
		{67E01E5D-6395-41D2-836D-45002EB5661D}.AppStore|x64.ActiveCfg = AppStore|iPhone
		{67E01E5D-6395-41D2-836D-45002EB5661D}.AppStore|x86.ActiveCfg = AppStore|iPhone
		{67E01E5D-6395-41D2-836D-45002EB5661D}.Debug|Any CPU.ActiveCfg = Debug|iPhone
		{67E01E5D-6395-41D2-836D-45002EB5661D}.Debug|ARM.ActiveCfg = Debug|iPhone
		{67E01E5D-6395-41D2-836D-45002EB5661D}.Debug|iPhone.ActiveCfg = Debug|iPhone
		{67E01E5D-6395-41D2-836D-45002EB5661D}.Debug|iPhone.Build.0 = Debug|iPhone
		{67E01E5D-6395-41D2-836D-45002EB5661D}.Debug|iPhoneSimulator.ActiveCfg = Debug|iPhoneSimulator
		{67E01E5D-6395-41D2-836D-45002EB5661D}.Debug|iPhoneSimulator.Build.0 = Debug|iPhoneSimulator
		{67E01E5D-6395-41D2-836D-45002EB5661D}.Debug|x64.ActiveCfg = Debug|iPhone
		{67E01E5D-6395-41D2-836D-45002EB5661D}.Debug|x86.ActiveCfg = Debug|iPhone
		{67E01E5D-6395-41D2-836D-45002EB5661D}.Release|Any CPU.ActiveCfg = Release|iPhone
		{67E01E5D-6395-41D2-836D-45002EB5661D}.Release|ARM.ActiveCfg = Release|iPhone
		{67E01E5D-6395-41D2-836D-45002EB5661D}.Release|iPhone.ActiveCfg = Release|iPhone
		{67E01E5D-6395-41D2-836D-45002EB5661D}.Release|iPhone.Build.0 = Release|iPhone
		{67E01E5D-6395-41D2-836D-45002EB5661D}.Release|iPhoneSimulator.ActiveCfg = Release|iPhoneSimulator
		{67E01E5D-6395-41D2-836D-45002EB5661D}.Release|iPhoneSimulator.Build.0 = Release|iPhoneSimulator
		{67E01E5D-6395-41D2-836D-45002EB5661D}.Release|x64.ActiveCfg = Release|iPhone
		{67E01E5D-6395-41D2-836D-45002EB5661D}.Release|x86.ActiveCfg = Release|iPhone
		{CCE15251-6104-490E-B153-B8D2AB05CE1A}.Ad-Hoc|Any CPU.ActiveCfg = Release|x86
		{CCE15251-6104-490E-B153-B8D2AB05CE1A}.Ad-Hoc|Any CPU.Build.0 = Release|x86
		{CCE15251-6104-490E-B153-B8D2AB05CE1A}.Ad-Hoc|Any CPU.Deploy.0 = Release|x86
		{CCE15251-6104-490E-B153-B8D2AB05CE1A}.Ad-Hoc|ARM.ActiveCfg = Release|ARM
		{CCE15251-6104-490E-B153-B8D2AB05CE1A}.Ad-Hoc|ARM.Build.0 = Release|ARM
		{CCE15251-6104-490E-B153-B8D2AB05CE1A}.Ad-Hoc|ARM.Deploy.0 = Release|ARM
		{CCE15251-6104-490E-B153-B8D2AB05CE1A}.Ad-Hoc|iPhone.ActiveCfg = Release|x86
		{CCE15251-6104-490E-B153-B8D2AB05CE1A}.Ad-Hoc|iPhone.Build.0 = Release|x86
		{CCE15251-6104-490E-B153-B8D2AB05CE1A}.Ad-Hoc|iPhone.Deploy.0 = Release|x86
		{CCE15251-6104-490E-B153-B8D2AB05CE1A}.Ad-Hoc|iPhoneSimulator.ActiveCfg = Release|x86
		{CCE15251-6104-490E-B153-B8D2AB05CE1A}.Ad-Hoc|iPhoneSimulator.Build.0 = Release|x86
		{CCE15251-6104-490E-B153-B8D2AB05CE1A}.Ad-Hoc|iPhoneSimulator.Deploy.0 = Release|x86
		{CCE15251-6104-490E-B153-B8D2AB05CE1A}.Ad-Hoc|x64.ActiveCfg = Release|x64
		{CCE15251-6104-490E-B153-B8D2AB05CE1A}.Ad-Hoc|x64.Build.0 = Release|x64
		{CCE15251-6104-490E-B153-B8D2AB05CE1A}.Ad-Hoc|x64.Deploy.0 = Release|x64
		{CCE15251-6104-490E-B153-B8D2AB05CE1A}.Ad-Hoc|x86.ActiveCfg = Release|x86
		{CCE15251-6104-490E-B153-B8D2AB05CE1A}.Ad-Hoc|x86.Build.0 = Release|x86
		{CCE15251-6104-490E-B153-B8D2AB05CE1A}.Ad-Hoc|x86.Deploy.0 = Release|x86
		{CCE15251-6104-490E-B153-B8D2AB05CE1A}.AppStore|Any CPU.ActiveCfg = Release|x86
		{CCE15251-6104-490E-B153-B8D2AB05CE1A}.AppStore|Any CPU.Build.0 = Release|x86
		{CCE15251-6104-490E-B153-B8D2AB05CE1A}.AppStore|Any CPU.Deploy.0 = Release|x86
		{CCE15251-6104-490E-B153-B8D2AB05CE1A}.AppStore|ARM.ActiveCfg = Release|ARM
		{CCE15251-6104-490E-B153-B8D2AB05CE1A}.AppStore|ARM.Build.0 = Release|ARM
		{CCE15251-6104-490E-B153-B8D2AB05CE1A}.AppStore|ARM.Deploy.0 = Release|ARM
		{CCE15251-6104-490E-B153-B8D2AB05CE1A}.AppStore|iPhone.ActiveCfg = Release|x86
		{CCE15251-6104-490E-B153-B8D2AB05CE1A}.AppStore|iPhone.Build.0 = Release|x86
		{CCE15251-6104-490E-B153-B8D2AB05CE1A}.AppStore|iPhone.Deploy.0 = Release|x86
		{CCE15251-6104-490E-B153-B8D2AB05CE1A}.AppStore|iPhoneSimulator.ActiveCfg = Release|x86
		{CCE15251-6104-490E-B153-B8D2AB05CE1A}.AppStore|iPhoneSimulator.Build.0 = Release|x86
		{CCE15251-6104-490E-B153-B8D2AB05CE1A}.AppStore|iPhoneSimulator.Deploy.0 = Release|x86
		{CCE15251-6104-490E-B153-B8D2AB05CE1A}.AppStore|x64.ActiveCfg = Release|x64
		{CCE15251-6104-490E-B153-B8D2AB05CE1A}.AppStore|x64.Build.0 = Release|x64
		{CCE15251-6104-490E-B153-B8D2AB05CE1A}.AppStore|x64.Deploy.0 = Release|x64
		{CCE15251-6104-490E-B153-B8D2AB05CE1A}.AppStore|x86.ActiveCfg = Release|x86
		{CCE15251-6104-490E-B153-B8D2AB05CE1A}.AppStore|x86.Build.0 = Release|x86
		{CCE15251-6104-490E-B153-B8D2AB05CE1A}.AppStore|x86.Deploy.0 = Release|x86
		{CCE15251-6104-490E-B153-B8D2AB05CE1A}.Debug|Any CPU.ActiveCfg = Debug|x86
		{CCE15251-6104-490E-B153-B8D2AB05CE1A}.Debug|ARM.ActiveCfg = Debug|ARM
		{CCE15251-6104-490E-B153-B8D2AB05CE1A}.Debug|ARM.Build.0 = Debug|ARM
		{CCE15251-6104-490E-B153-B8D2AB05CE1A}.Debug|ARM.Deploy.0 = Debug|ARM
		{CCE15251-6104-490E-B153-B8D2AB05CE1A}.Debug|iPhone.ActiveCfg = Debug|x86
		{CCE15251-6104-490E-B153-B8D2AB05CE1A}.Debug|iPhoneSimulator.ActiveCfg = Debug|x86
		{CCE15251-6104-490E-B153-B8D2AB05CE1A}.Debug|x64.ActiveCfg = Debug|x64
		{CCE15251-6104-490E-B153-B8D2AB05CE1A}.Debug|x64.Build.0 = Debug|x64
		{CCE15251-6104-490E-B153-B8D2AB05CE1A}.Debug|x64.Deploy.0 = Debug|x64
		{CCE15251-6104-490E-B153-B8D2AB05CE1A}.Debug|x86.ActiveCfg = Debug|x86
		{CCE15251-6104-490E-B153-B8D2AB05CE1A}.Debug|x86.Build.0 = Debug|x86
		{CCE15251-6104-490E-B153-B8D2AB05CE1A}.Debug|x86.Deploy.0 = Debug|x86
		{CCE15251-6104-490E-B153-B8D2AB05CE1A}.Release|Any CPU.ActiveCfg = Release|x86
		{CCE15251-6104-490E-B153-B8D2AB05CE1A}.Release|ARM.ActiveCfg = Release|ARM
		{CCE15251-6104-490E-B153-B8D2AB05CE1A}.Release|ARM.Build.0 = Release|ARM
		{CCE15251-6104-490E-B153-B8D2AB05CE1A}.Release|ARM.Deploy.0 = Release|ARM
		{CCE15251-6104-490E-B153-B8D2AB05CE1A}.Release|iPhone.ActiveCfg = Release|x86
		{CCE15251-6104-490E-B153-B8D2AB05CE1A}.Release|iPhoneSimulator.ActiveCfg = Release|x86
		{CCE15251-6104-490E-B153-B8D2AB05CE1A}.Release|x64.ActiveCfg = Release|x64
		{CCE15251-6104-490E-B153-B8D2AB05CE1A}.Release|x64.Build.0 = Release|x64
		{CCE15251-6104-490E-B153-B8D2AB05CE1A}.Release|x64.Deploy.0 = Release|x64
		{CCE15251-6104-490E-B153-B8D2AB05CE1A}.Release|x86.ActiveCfg = Release|x86
		{CCE15251-6104-490E-B153-B8D2AB05CE1A}.Release|x86.Build.0 = Release|x86
		{CCE15251-6104-490E-B153-B8D2AB05CE1A}.Release|x86.Deploy.0 = Release|x86
		{BDC1B259-CB41-4C5E-804C-D162AF3A062D}.Ad-Hoc|Any CPU.ActiveCfg = Debug|Any CPU
		{BDC1B259-CB41-4C5E-804C-D162AF3A062D}.Ad-Hoc|Any CPU.Build.0 = Debug|Any CPU
		{BDC1B259-CB41-4C5E-804C-D162AF3A062D}.Ad-Hoc|ARM.ActiveCfg = Debug|Any CPU
		{BDC1B259-CB41-4C5E-804C-D162AF3A062D}.Ad-Hoc|ARM.Build.0 = Debug|Any CPU
		{BDC1B259-CB41-4C5E-804C-D162AF3A062D}.Ad-Hoc|iPhone.ActiveCfg = Debug|Any CPU
		{BDC1B259-CB41-4C5E-804C-D162AF3A062D}.Ad-Hoc|iPhone.Build.0 = Debug|Any CPU
		{BDC1B259-CB41-4C5E-804C-D162AF3A062D}.Ad-Hoc|iPhoneSimulator.ActiveCfg = Debug|Any CPU
		{BDC1B259-CB41-4C5E-804C-D162AF3A062D}.Ad-Hoc|iPhoneSimulator.Build.0 = Debug|Any CPU
		{BDC1B259-CB41-4C5E-804C-D162AF3A062D}.Ad-Hoc|x64.ActiveCfg = Debug|Any CPU
		{BDC1B259-CB41-4C5E-804C-D162AF3A062D}.Ad-Hoc|x64.Build.0 = Debug|Any CPU
		{BDC1B259-CB41-4C5E-804C-D162AF3A062D}.Ad-Hoc|x86.ActiveCfg = Debug|Any CPU
		{BDC1B259-CB41-4C5E-804C-D162AF3A062D}.Ad-Hoc|x86.Build.0 = Debug|Any CPU
		{BDC1B259-CB41-4C5E-804C-D162AF3A062D}.AppStore|Any CPU.ActiveCfg = Debug|Any CPU
		{BDC1B259-CB41-4C5E-804C-D162AF3A062D}.AppStore|Any CPU.Build.0 = Debug|Any CPU
		{BDC1B259-CB41-4C5E-804C-D162AF3A062D}.AppStore|ARM.ActiveCfg = Debug|Any CPU
		{BDC1B259-CB41-4C5E-804C-D162AF3A062D}.AppStore|ARM.Build.0 = Debug|Any CPU
		{BDC1B259-CB41-4C5E-804C-D162AF3A062D}.AppStore|iPhone.ActiveCfg = Debug|Any CPU
		{BDC1B259-CB41-4C5E-804C-D162AF3A062D}.AppStore|iPhone.Build.0 = Debug|Any CPU
		{BDC1B259-CB41-4C5E-804C-D162AF3A062D}.AppStore|iPhoneSimulator.ActiveCfg = Debug|Any CPU
		{BDC1B259-CB41-4C5E-804C-D162AF3A062D}.AppStore|iPhoneSimulator.Build.0 = Debug|Any CPU
		{BDC1B259-CB41-4C5E-804C-D162AF3A062D}.AppStore|x64.ActiveCfg = Debug|Any CPU
		{BDC1B259-CB41-4C5E-804C-D162AF3A062D}.AppStore|x64.Build.0 = Debug|Any CPU
		{BDC1B259-CB41-4C5E-804C-D162AF3A062D}.AppStore|x86.ActiveCfg = Debug|Any CPU
		{BDC1B259-CB41-4C5E-804C-D162AF3A062D}.AppStore|x86.Build.0 = Debug|Any CPU
		{BDC1B259-CB41-4C5E-804C-D162AF3A062D}.Debug|Any CPU.ActiveCfg = Debug|Any CPU
		{BDC1B259-CB41-4C5E-804C-D162AF3A062D}.Debug|Any CPU.Build.0 = Debug|Any CPU
		{BDC1B259-CB41-4C5E-804C-D162AF3A062D}.Debug|ARM.ActiveCfg = Debug|Any CPU
		{BDC1B259-CB41-4C5E-804C-D162AF3A062D}.Debug|ARM.Build.0 = Debug|Any CPU
		{BDC1B259-CB41-4C5E-804C-D162AF3A062D}.Debug|iPhone.ActiveCfg = Debug|Any CPU
		{BDC1B259-CB41-4C5E-804C-D162AF3A062D}.Debug|iPhone.Build.0 = Debug|Any CPU
		{BDC1B259-CB41-4C5E-804C-D162AF3A062D}.Debug|iPhoneSimulator.ActiveCfg = Debug|Any CPU
		{BDC1B259-CB41-4C5E-804C-D162AF3A062D}.Debug|iPhoneSimulator.Build.0 = Debug|Any CPU
		{BDC1B259-CB41-4C5E-804C-D162AF3A062D}.Debug|x64.ActiveCfg = Debug|Any CPU
		{BDC1B259-CB41-4C5E-804C-D162AF3A062D}.Debug|x64.Build.0 = Debug|Any CPU
		{BDC1B259-CB41-4C5E-804C-D162AF3A062D}.Debug|x86.ActiveCfg = Debug|Any CPU
		{BDC1B259-CB41-4C5E-804C-D162AF3A062D}.Debug|x86.Build.0 = Debug|Any CPU
		{BDC1B259-CB41-4C5E-804C-D162AF3A062D}.Release|Any CPU.ActiveCfg = Release|Any CPU
		{BDC1B259-CB41-4C5E-804C-D162AF3A062D}.Release|Any CPU.Build.0 = Release|Any CPU
		{BDC1B259-CB41-4C5E-804C-D162AF3A062D}.Release|ARM.ActiveCfg = Release|Any CPU
		{BDC1B259-CB41-4C5E-804C-D162AF3A062D}.Release|ARM.Build.0 = Release|Any CPU
		{BDC1B259-CB41-4C5E-804C-D162AF3A062D}.Release|iPhone.ActiveCfg = Release|Any CPU
		{BDC1B259-CB41-4C5E-804C-D162AF3A062D}.Release|iPhone.Build.0 = Release|Any CPU
		{BDC1B259-CB41-4C5E-804C-D162AF3A062D}.Release|iPhoneSimulator.ActiveCfg = Release|Any CPU
		{BDC1B259-CB41-4C5E-804C-D162AF3A062D}.Release|iPhoneSimulator.Build.0 = Release|Any CPU
		{BDC1B259-CB41-4C5E-804C-D162AF3A062D}.Release|x64.ActiveCfg = Release|Any CPU
		{BDC1B259-CB41-4C5E-804C-D162AF3A062D}.Release|x64.Build.0 = Release|Any CPU
		{BDC1B259-CB41-4C5E-804C-D162AF3A062D}.Release|x86.ActiveCfg = Release|Any CPU
		{BDC1B259-CB41-4C5E-804C-D162AF3A062D}.Release|x86.Build.0 = Release|Any CPU
	EndGlobalSection
	GlobalSection(SolutionProperties) = preSolution
		HideSolutionNode = FALSE
	EndGlobalSection
	GlobalSection(ExtensibilityGlobals) = postSolution
		SolutionGuid = {4A1C928A-FCC4-442B-82EB-57A8C2A120FE}
	EndGlobalSection
EndGlobal
